// !$*UTF8*$!
{
	archiveVersion = 1;
	classes = {
	};
	objectVersion = 46;
	objects = {

/* Begin PBXBuildFile section */
		71574A391D2AD4AE00B82C34 /* AppDelegate.swift in Sources */ = {isa = PBXBuildFile; fileRef = 71574A381D2AD4AE00B82C34 /* AppDelegate.swift */; };
		71574A3B1D2AD4AE00B82C34 /* ViewController.swift in Sources */ = {isa = PBXBuildFile; fileRef = 71574A3A1D2AD4AE00B82C34 /* ViewController.swift */; };
		71574A3E1D2AD4AE00B82C34 /* Main.storyboard in Resources */ = {isa = PBXBuildFile; fileRef = 71574A3C1D2AD4AE00B82C34 /* Main.storyboard */; };
		71574A401D2AD4AE00B82C34 /* Assets.xcassets in Resources */ = {isa = PBXBuildFile; fileRef = 71574A3F1D2AD4AE00B82C34 /* Assets.xcassets */; };
		71574A431D2AD4AE00B82C34 /* LaunchScreen.storyboard in Resources */ = {isa = PBXBuildFile; fileRef = 71574A411D2AD4AE00B82C34 /* LaunchScreen.storyboard */; };
		71574A4E1D2AD4AE00B82C34 /* CaculatorTests.swift in Sources */ = {isa = PBXBuildFile; fileRef = 71574A4D1D2AD4AE00B82C34 /* CaculatorTests.swift */; };
		71574A591D2AD4AE00B82C34 /* CaculatorUITests.swift in Sources */ = {isa = PBXBuildFile; fileRef = 71574A581D2AD4AE00B82C34 /* CaculatorUITests.swift */; };
		71574A671D2AEFB800B82C34 /* CalculatorBrain.swift in Sources */ = {isa = PBXBuildFile; fileRef = 71574A661D2AEFB800B82C34 /* CalculatorBrain.swift */; };
		71574A691D2B87F600B82C34 /* PrettyDoubles.swift in Sources */ = {isa = PBXBuildFile; fileRef = 71574A681D2B87F600B82C34 /* PrettyDoubles.swift */; };
/* End PBXBuildFile section */

/* Begin PBXContainerItemProxy section */
		71574A4A1D2AD4AE00B82C34 /* PBXContainerItemProxy */ = {
			isa = PBXContainerItemProxy;
			containerPortal = 71574A2D1D2AD4AE00B82C34 /* Project object */;
			proxyType = 1;
			remoteGlobalIDString = 71574A341D2AD4AE00B82C34;
			remoteInfo = Caculator;
		};
		71574A551D2AD4AE00B82C34 /* PBXContainerItemProxy */ = {
			isa = PBXContainerItemProxy;
			containerPortal = 71574A2D1D2AD4AE00B82C34 /* Project object */;
			proxyType = 1;
			remoteGlobalIDString = 71574A341D2AD4AE00B82C34;
			remoteInfo = Caculator;
		};
/* End PBXContainerItemProxy section */

/* Begin PBXFileReference section */
		71574A351D2AD4AE00B82C34 /* Caculator.app */ = {isa = PBXFileReference; explicitFileType = wrapper.application; includeInIndex = 0; path = Caculator.app; sourceTree = BUILT_PRODUCTS_DIR; };
		71574A381D2AD4AE00B82C34 /* AppDelegate.swift */ = {isa = PBXFileReference; lastKnownFileType = sourcecode.swift; path = AppDelegate.swift; sourceTree = "<group>"; };
		71574A3A1D2AD4AE00B82C34 /* ViewController.swift */ = {isa = PBXFileReference; lastKnownFileType = sourcecode.swift; path = ViewController.swift; sourceTree = "<group>"; };
		71574A3D1D2AD4AE00B82C34 /* Base */ = {isa = PBXFileReference; lastKnownFileType = file.storyboard; name = Base; path = Base.lproj/Main.storyboard; sourceTree = "<group>"; };
		71574A3F1D2AD4AE00B82C34 /* Assets.xcassets */ = {isa = PBXFileReference; lastKnownFileType = folder.assetcatalog; path = Assets.xcassets; sourceTree = "<group>"; };
		71574A421D2AD4AE00B82C34 /* Base */ = {isa = PBXFileReference; lastKnownFileType = file.storyboard; name = Base; path = Base.lproj/LaunchScreen.storyboard; sourceTree = "<group>"; };
		71574A441D2AD4AE00B82C34 /* Info.plist */ = {isa = PBXFileReference; lastKnownFileType = text.plist.xml; path = Info.plist; sourceTree = "<group>"; };
		71574A491D2AD4AE00B82C34 /* CaculatorTests.xctest */ = {isa = PBXFileReference; explicitFileType = wrapper.cfbundle; includeInIndex = 0; path = CaculatorTests.xctest; sourceTree = BUILT_PRODUCTS_DIR; };
		71574A4D1D2AD4AE00B82C34 /* CaculatorTests.swift */ = {isa = PBXFileReference; lastKnownFileType = sourcecode.swift; path = CaculatorTests.swift; sourceTree = "<group>"; };
		71574A4F1D2AD4AE00B82C34 /* Info.plist */ = {isa = PBXFileReference; lastKnownFileType = text.plist.xml; path = Info.plist; sourceTree = "<group>"; };
		71574A541D2AD4AE00B82C34 /* CaculatorUITests.xctest */ = {isa = PBXFileReference; explicitFileType = wrapper.cfbundle; includeInIndex = 0; path = CaculatorUITests.xctest; sourceTree = BUILT_PRODUCTS_DIR; };
		71574A581D2AD4AE00B82C34 /* CaculatorUITests.swift */ = {isa = PBXFileReference; lastKnownFileType = sourcecode.swift; path = CaculatorUITests.swift; sourceTree = "<group>"; };
		71574A5A1D2AD4AE00B82C34 /* Info.plist */ = {isa = PBXFileReference; lastKnownFileType = text.plist.xml; path = Info.plist; sourceTree = "<group>"; };
		71574A661D2AEFB800B82C34 /* CalculatorBrain.swift */ = {isa = PBXFileReference; fileEncoding = 4; lastKnownFileType = sourcecode.swift; path = CalculatorBrain.swift; sourceTree = "<group>"; };
		71574A681D2B87F600B82C34 /* PrettyDoubles.swift */ = {isa = PBXFileReference; fileEncoding = 4; lastKnownFileType = sourcecode.swift; path = PrettyDoubles.swift; sourceTree = "<group>"; };
/* End PBXFileReference section */

/* Begin PBXFrameworksBuildPhase section */
		71574A321D2AD4AE00B82C34 /* Frameworks */ = {
			isa = PBXFrameworksBuildPhase;
			buildActionMask = 2147483647;
			files = (
			);
			runOnlyForDeploymentPostprocessing = 0;
		};
		71574A461D2AD4AE00B82C34 /* Frameworks */ = {
			isa = PBXFrameworksBuildPhase;
			buildActionMask = 2147483647;
			files = (
			);
			runOnlyForDeploymentPostprocessing = 0;
		};
		71574A511D2AD4AE00B82C34 /* Frameworks */ = {
			isa = PBXFrameworksBuildPhase;
			buildActionMask = 2147483647;
			files = (
			);
			runOnlyForDeploymentPostprocessing = 0;
		};
/* End PBXFrameworksBuildPhase section */

/* Begin PBXGroup section */
		71574A2C1D2AD4AE00B82C34 = {
			isa = PBXGroup;
			children = (
				71574A371D2AD4AE00B82C34 /* Caculator */,
				71574A4C1D2AD4AE00B82C34 /* CaculatorTests */,
				71574A571D2AD4AE00B82C34 /* CaculatorUITests */,
				71574A361D2AD4AE00B82C34 /* Products */,
			);
			sourceTree = "<group>";
		};
		71574A361D2AD4AE00B82C34 /* Products */ = {
			isa = PBXGroup;
			children = (
				71574A351D2AD4AE00B82C34 /* Caculator.app */,
				71574A491D2AD4AE00B82C34 /* CaculatorTests.xctest */,
				71574A541D2AD4AE00B82C34 /* CaculatorUITests.xctest */,
			);
			name = Products;
			sourceTree = "<group>";
		};
		71574A371D2AD4AE00B82C34 /* Caculator */ = {
			isa = PBXGroup;
			children = (
				71574A6A1D2BF30100B82C34 /* SupportingFiles */,
				71574A3A1D2AD4AE00B82C34 /* ViewController.swift */,
				71574A3C1D2AD4AE00B82C34 /* Main.storyboard */,
				71574A661D2AEFB800B82C34 /* CalculatorBrain.swift */,
				71574A681D2B87F600B82C34 /* PrettyDoubles.swift */,
			);
			path = Caculator;
			sourceTree = "<group>";
		};
		71574A4C1D2AD4AE00B82C34 /* CaculatorTests */ = {
			isa = PBXGroup;
			children = (
				71574A4D1D2AD4AE00B82C34 /* CaculatorTests.swift */,
				71574A4F1D2AD4AE00B82C34 /* Info.plist */,
			);
			path = CaculatorTests;
			sourceTree = "<group>";
		};
		71574A571D2AD4AE00B82C34 /* CaculatorUITests */ = {
			isa = PBXGroup;
			children = (
				71574A581D2AD4AE00B82C34 /* CaculatorUITests.swift */,
				71574A5A1D2AD4AE00B82C34 /* Info.plist */,
			);
			path = CaculatorUITests;
			sourceTree = "<group>";
		};
		71574A6A1D2BF30100B82C34 /* SupportingFiles */ = {
			isa = PBXGroup;
			children = (
				71574A381D2AD4AE00B82C34 /* AppDelegate.swift */,
				71574A3F1D2AD4AE00B82C34 /* Assets.xcassets */,
				71574A411D2AD4AE00B82C34 /* LaunchScreen.storyboard */,
				71574A441D2AD4AE00B82C34 /* Info.plist */,
			);
			name = SupportingFiles;
			sourceTree = "<group>";
		};
/* End PBXGroup section */

/* Begin PBXNativeTarget section */
		71574A341D2AD4AE00B82C34 /* Caculator */ = {
			isa = PBXNativeTarget;
			buildConfigurationList = 71574A5D1D2AD4AE00B82C34 /* Build configuration list for PBXNativeTarget "Caculator" */;
			buildPhases = (
				71574A311D2AD4AE00B82C34 /* Sources */,
				71574A321D2AD4AE00B82C34 /* Frameworks */,
				71574A331D2AD4AE00B82C34 /* Resources */,
			);
			buildRules = (
			);
			dependencies = (
			);
			name = Caculator;
			productName = Caculator;
			productReference = 71574A351D2AD4AE00B82C34 /* Caculator.app */;
			productType = "com.apple.product-type.application";
		};
		71574A481D2AD4AE00B82C34 /* CaculatorTests */ = {
			isa = PBXNativeTarget;
			buildConfigurationList = 71574A601D2AD4AE00B82C34 /* Build configuration list for PBXNativeTarget "CaculatorTests" */;
			buildPhases = (
				71574A451D2AD4AE00B82C34 /* Sources */,
				71574A461D2AD4AE00B82C34 /* Frameworks */,
				71574A471D2AD4AE00B82C34 /* Resources */,
			);
			buildRules = (
			);
			dependencies = (
				71574A4B1D2AD4AE00B82C34 /* PBXTargetDependency */,
			);
			name = CaculatorTests;
			productName = CaculatorTests;
			productReference = 71574A491D2AD4AE00B82C34 /* CaculatorTests.xctest */;
			productType = "com.apple.product-type.bundle.unit-test";
		};
		71574A531D2AD4AE00B82C34 /* CaculatorUITests */ = {
			isa = PBXNativeTarget;
			buildConfigurationList = 71574A631D2AD4AE00B82C34 /* Build configuration list for PBXNativeTarget "CaculatorUITests" */;
			buildPhases = (
				71574A501D2AD4AE00B82C34 /* Sources */,
				71574A511D2AD4AE00B82C34 /* Frameworks */,
				71574A521D2AD4AE00B82C34 /* Resources */,
			);
			buildRules = (
			);
			dependencies = (
				71574A561D2AD4AE00B82C34 /* PBXTargetDependency */,
			);
			name = CaculatorUITests;
			productName = CaculatorUITests;
			productReference = 71574A541D2AD4AE00B82C34 /* CaculatorUITests.xctest */;
			productType = "com.apple.product-type.bundle.ui-testing";
		};
/* End PBXNativeTarget section */

/* Begin PBXProject section */
		71574A2D1D2AD4AE00B82C34 /* Project object */ = {
			isa = PBXProject;
			attributes = {
				LastSwiftUpdateCheck = 0730;
				LastUpgradeCheck = 0730;
				ORGANIZATIONNAME = "Mohak Shah";
				TargetAttributes = {
					71574A341D2AD4AE00B82C34 = {
						CreatedOnToolsVersion = 7.3.1;
						DevelopmentTeam = 65U66W9RVP;
					};
					71574A481D2AD4AE00B82C34 = {
						CreatedOnToolsVersion = 7.3.1;
						TestTargetID = 71574A341D2AD4AE00B82C34;
					};
					71574A531D2AD4AE00B82C34 = {
						CreatedOnToolsVersion = 7.3.1;
						TestTargetID = 71574A341D2AD4AE00B82C34;
					};
				};
			};
			buildConfigurationList = 71574A301D2AD4AE00B82C34 /* Build configuration list for PBXProject "Caculator" */;
			compatibilityVersion = "Xcode 3.2";
			developmentRegion = English;
			hasScannedForEncodings = 0;
			knownRegions = (
				en,
				Base,
			);
			mainGroup = 71574A2C1D2AD4AE00B82C34;
			productRefGroup = 71574A361D2AD4AE00B82C34 /* Products */;
			projectDirPath = "";
			projectRoot = "";
			targets = (
				71574A341D2AD4AE00B82C34 /* Caculator */,
				71574A481D2AD4AE00B82C34 /* CaculatorTests */,
				71574A531D2AD4AE00B82C34 /* CaculatorUITests */,
			);
		};
/* End PBXProject section */

/* Begin PBXResourcesBuildPhase section */
		71574A331D2AD4AE00B82C34 /* Resources */ = {
			isa = PBXResourcesBuildPhase;
			buildActionMask = 2147483647;
			files = (
				71574A431D2AD4AE00B82C34 /* LaunchScreen.storyboard in Resources */,
				71574A401D2AD4AE00B82C34 /* Assets.xcassets in Resources */,
				71574A3E1D2AD4AE00B82C34 /* Main.storyboard in Resources */,
			);
			runOnlyForDeploymentPostprocessing = 0;
		};
		71574A471D2AD4AE00B82C34 /* Resources */ = {
			isa = PBXResourcesBuildPhase;
			buildActionMask = 2147483647;
			files = (
			);
			runOnlyForDeploymentPostprocessing = 0;
		};
		71574A521D2AD4AE00B82C34 /* Resources */ = {
			isa = PBXResourcesBuildPhase;
			buildActionMask = 2147483647;
			files = (
			);
			runOnlyForDeploymentPostprocessing = 0;
		};
/* End PBXResourcesBuildPhase section */

/* Begin PBXSourcesBuildPhase section */
		71574A311D2AD4AE00B82C34 /* Sources */ = {
			isa = PBXSourcesBuildPhase;
			buildActionMask = 2147483647;
			files = (
				71574A691D2B87F600B82C34 /* PrettyDoubles.swift in Sources */,
				71574A671D2AEFB800B82C34 /* CalculatorBrain.swift in Sources */,
				71574A3B1D2AD4AE00B82C34 /* ViewController.swift in Sources */,
				71574A391D2AD4AE00B82C34 /* AppDelegate.swift in Sources */,
			);
			runOnlyForDeploymentPostprocessing = 0;
		};
		71574A451D2AD4AE00B82C34 /* Sources */ = {
			isa = PBXSourcesBuildPhase;
			buildActionMask = 2147483647;
			files = (
				71574A4E1D2AD4AE00B82C34 /* CaculatorTests.swift in Sources */,
			);
			runOnlyForDeploymentPostprocessing = 0;
		};
		71574A501D2AD4AE00B82C34 /* Sources */ = {
			isa = PBXSourcesBuildPhase;
			buildActionMask = 2147483647;
			files = (
				71574A591D2AD4AE00B82C34 /* CaculatorUITests.swift in Sources */,
			);
			runOnlyForDeploymentPostprocessing = 0;
		};
/* End PBXSourcesBuildPhase section */

/* Begin PBXTargetDependency section */
		71574A4B1D2AD4AE00B82C34 /* PBXTargetDependency */ = {
			isa = PBXTargetDependency;
			target = 71574A341D2AD4AE00B82C34 /* Caculator */;
			targetProxy = 71574A4A1D2AD4AE00B82C34 /* PBXContainerItemProxy */;
		};
		71574A561D2AD4AE00B82C34 /* PBXTargetDependency */ = {
			isa = PBXTargetDependency;
			target = 71574A341D2AD4AE00B82C34 /* Caculator */;
			targetProxy = 71574A551D2AD4AE00B82C34 /* PBXContainerItemProxy */;
		};
/* End PBXTargetDependency section */

/* Begin PBXVariantGroup section */
		71574A3C1D2AD4AE00B82C34 /* Main.storyboard */ = {
			isa = PBXVariantGroup;
			children = (
				71574A3D1D2AD4AE00B82C34 /* Base */,
			);
			name = Main.storyboard;
			sourceTree = "<group>";
		};
		71574A411D2AD4AE00B82C34 /* LaunchScreen.storyboard */ = {
			isa = PBXVariantGroup;
			children = (
				71574A421D2AD4AE00B82C34 /* Base */,
			);
			name = LaunchScreen.storyboard;
			sourceTree = "<group>";
		};
/* End PBXVariantGroup section */

/* Begin XCBuildConfiguration section */
		71574A5B1D2AD4AE00B82C34 /* Debug */ = {
			isa = XCBuildConfiguration;
			buildSettings = {
				ALWAYS_SEARCH_USER_PATHS = NO;
				CLANG_ANALYZER_NONNULL = YES;
				CLANG_CXX_LANGUAGE_STANDARD = "gnu++0x";
				CLANG_CXX_LIBRARY = "libc++";
				CLANG_ENABLE_MODULES = YES;
				CLANG_ENABLE_OBJC_ARC = YES;
				CLANG_WARN_BOOL_CONVERSION = YES;
				CLANG_WARN_CONSTANT_CONVERSION = YES;
				CLANG_WARN_DIRECT_OBJC_ISA_USAGE = YES_ERROR;
				CLANG_WARN_EMPTY_BODY = YES;
				CLANG_WARN_ENUM_CONVERSION = YES;
				CLANG_WARN_INT_CONVERSION = YES;
				CLANG_WARN_OBJC_ROOT_CLASS = YES_ERROR;
				CLANG_WARN_UNREACHABLE_CODE = YES;
				CLANG_WARN__DUPLICATE_METHOD_MATCH = YES;
				"CODE_SIGN_IDENTITY[sdk=iphoneos*]" = "iPhone Developer";
				COPY_PHASE_STRIP = NO;
				DEBUG_INFORMATION_FORMAT = dwarf;
				ENABLE_STRICT_OBJC_MSGSEND = YES;
				ENABLE_TESTABILITY = YES;
				GCC_C_LANGUAGE_STANDARD = gnu99;
				GCC_DYNAMIC_NO_PIC = NO;
				GCC_NO_COMMON_BLOCKS = YES;
				GCC_OPTIMIZATION_LEVEL = 0;
				GCC_PREPROCESSOR_DEFINITIONS = (
					"DEBUG=1",
					"$(inherited)",
				);
				GCC_WARN_64_TO_32_BIT_CONVERSION = YES;
				GCC_WARN_ABOUT_RETURN_TYPE = YES_ERROR;
				GCC_WARN_UNDECLARED_SELECTOR = YES;
				GCC_WARN_UNINITIALIZED_AUTOS = YES_AGGRESSIVE;
				GCC_WARN_UNUSED_FUNCTION = YES;
				GCC_WARN_UNUSED_VARIABLE = YES;
				IPHONEOS_DEPLOYMENT_TARGET = 9.3;
				MTL_ENABLE_DEBUG_INFO = YES;
				ONLY_ACTIVE_ARCH = YES;
				SDKROOT = iphoneos;
				SWIFT_OPTIMIZATION_LEVEL = "-Onone";
				TARGETED_DEVICE_FAMILY = "1,2";
			};
			name = Debug;
		};
		71574A5C1D2AD4AE00B82C34 /* Release */ = {
			isa = XCBuildConfiguration;
			buildSettings = {
				ALWAYS_SEARCH_USER_PATHS = NO;
				CLANG_ANALYZER_NONNULL = YES;
				CLANG_CXX_LANGUAGE_STANDARD = "gnu++0x";
				CLANG_CXX_LIBRARY = "libc++";
				CLANG_ENABLE_MODULES = YES;
				CLANG_ENABLE_OBJC_ARC = YES;
				CLANG_WARN_BOOL_CONVERSION = YES;
				CLANG_WARN_CONSTANT_CONVERSION = YES;
				CLANG_WARN_DIRECT_OBJC_ISA_USAGE = YES_ERROR;
				CLANG_WARN_EMPTY_BODY = YES;
				CLANG_WARN_ENUM_CONVERSION = YES;
				CLANG_WARN_INT_CONVERSION = YES;
				CLANG_WARN_OBJC_ROOT_CLASS = YES_ERROR;
				CLANG_WARN_UNREACHABLE_CODE = YES;
				CLANG_WARN__DUPLICATE_METHOD_MATCH = YES;
				"CODE_SIGN_IDENTITY[sdk=iphoneos*]" = "iPhone Developer";
				COPY_PHASE_STRIP = NO;
				DEBUG_INFORMATION_FORMAT = "dwarf-with-dsym";
				ENABLE_NS_ASSERTIONS = NO;
				ENABLE_STRICT_OBJC_MSGSEND = YES;
				GCC_C_LANGUAGE_STANDARD = gnu99;
				GCC_NO_COMMON_BLOCKS = YES;
				GCC_WARN_64_TO_32_BIT_CONVERSION = YES;
				GCC_WARN_ABOUT_RETURN_TYPE = YES_ERROR;
				GCC_WARN_UNDECLARED_SELECTOR = YES;
				GCC_WARN_UNINITIALIZED_AUTOS = YES_AGGRESSIVE;
				GCC_WARN_UNUSED_FUNCTION = YES;
				GCC_WARN_UNUSED_VARIABLE = YES;
				IPHONEOS_DEPLOYMENT_TARGET = 9.3;
				MTL_ENABLE_DEBUG_INFO = NO;
				SDKROOT = iphoneos;
				TARGETED_DEVICE_FAMILY = "1,2";
				VALIDATE_PRODUCT = YES;
			};
			name = Release;
		};
		71574A5E1D2AD4AE00B82C34 /* Debug */ = {
			isa = XCBuildConfiguration;
			buildSettings = {
				ASSETCATALOG_COMPILER_APPICON_NAME = AppIcon;
				CODE_SIGN_IDENTITY = "iPhone Developer";
				"CODE_SIGN_IDENTITY[sdk=iphoneos*]" = "iPhone Developer";
				INFOPLIST_FILE = Caculator/Info.plist;
				LD_RUNPATH_SEARCH_PATHS = "$(inherited) @executable_path/Frameworks";
				PRODUCT_BUNDLE_IDENTIFIER = in.mohakshah.Caculator;
				PRODUCT_NAME = "$(TARGET_NAME)";
				PROVISIONING_PROFILE = "";
			};
			name = Debug;
		};
		71574A5F1D2AD4AE00B82C34 /* Release */ = {
			isa = XCBuildConfiguration;
			buildSettings = {
				ASSETCATALOG_COMPILER_APPICON_NAME = AppIcon;
				CODE_SIGN_IDENTITY = "iPhone Developer";
				"CODE_SIGN_IDENTITY[sdk=iphoneos*]" = "iPhone Developer";
				INFOPLIST_FILE = Caculator/Info.plist;
				LD_RUNPATH_SEARCH_PATHS = "$(inherited) @executable_path/Frameworks";
				PRODUCT_BUNDLE_IDENTIFIER = in.mohakshah.Caculator;
				PRODUCT_NAME = "$(TARGET_NAME)";
				PROVISIONING_PROFILE = "";
			};
			name = Release;
		};
		71574A611D2AD4AE00B82C34 /* Debug */ = {
			isa = XCBuildConfiguration;
			buildSettings = {
				BUNDLE_LOADER = "$(TEST_HOST)";
				INFOPLIST_FILE = CaculatorTests/Info.plist;
				LD_RUNPATH_SEARCH_PATHS = "$(inherited) @executable_path/Frameworks @loader_path/Frameworks";
				PRODUCT_BUNDLE_IDENTIFIER = in.mohakshah.CaculatorTests;
				PRODUCT_NAME = "$(TARGET_NAME)";
				TEST_HOST = "$(BUILT_PRODUCTS_DIR)/Caculator.app/Caculator";
			};
			name = Debug;
		};
		71574A621D2AD4AE00B82C34 /* Release */ = {
			isa = XCBuildConfiguration;
			buildSettings = {
				BUNDLE_LOADER = "$(TEST_HOST)";
				INFOPLIST_FILE = CaculatorTests/Info.plist;
				LD_RUNPATH_SEARCH_PATHS = "$(inherited) @executable_path/Frameworks @loader_path/Frameworks";
				PRODUCT_BUNDLE_IDENTIFIER = in.mohakshah.CaculatorTests;
				PRODUCT_NAME = "$(TARGET_NAME)";
				TEST_HOST = "$(BUILT_PRODUCTS_DIR)/Caculator.app/Caculator";
			};
			name = Release;
		};
		71574A641D2AD4AE00B82C34 /* Debug */ = {
			isa = XCBuildConfiguration;
			buildSettings = {
				INFOPLIST_FILE = CaculatorUITests/Info.plist;
				LD_RUNPATH_SEARCH_PATHS = "$(inherited) @executable_path/Frameworks @loader_path/Frameworks";
				PRODUCT_BUNDLE_IDENTIFIER = in.mohakshah.CaculatorUITests;
				PRODUCT_NAME = "$(TARGET_NAME)";
				TEST_TARGET_NAME = Caculator;
			};
			name = Debug;
		};
		71574A651D2AD4AE00B82C34 /* Release */ = {
			isa = XCBuildConfiguration;
			buildSettings = {
				INFOPLIST_FILE = CaculatorUITests/Info.plist;
				LD_RUNPATH_SEARCH_PATHS = "$(inherited) @executable_path/Frameworks @loader_path/Frameworks";
				PRODUCT_BUNDLE_IDENTIFIER = in.mohakshah.CaculatorUITests;
				PRODUCT_NAME = "$(TARGET_NAME)";
				TEST_TARGET_NAME = Caculator;
			};
			name = Release;
		};
/* End XCBuildConfiguration section */

/* Begin XCConfigurationList section */
		71574A301D2AD4AE00B82C34 /* Build configuration list for PBXProject "Caculator" */ = {
			isa = XCConfigurationList;
			buildConfigurations = (
				71574A5B1D2AD4AE00B82C34 /* Debug */,
				71574A5C1D2AD4AE00B82C34 /* Release */,
			);
			defaultConfigurationIsVisible = 0;
			defaultConfigurationName = Release;
		};
		71574A5D1D2AD4AE00B82C34 /* Build configuration list for PBXNativeTarget "Caculator" */ = {
			isa = XCConfigurationList;
			buildConfigurations = (
				71574A5E1D2AD4AE00B82C34 /* Debug */,
				71574A5F1D2AD4AE00B82C34 /* Release */,
			);
			defaultConfigurationIsVisible = 0;
		};
		71574A601D2AD4AE00B82C34 /* Build configuration list for PBXNativeTarget "CaculatorTests" */ = {
			isa = XCConfigurationList;
			buildConfigurations = (
				71574A611D2AD4AE00B82C34 /* Debug */,
				71574A621D2AD4AE00B82C34 /* Release */,
			);
			defaultConfigurationIsVisible = 0;
		};
		71574A631D2AD4AE00B82C34 /* Build configuration list for PBXNativeTarget "CaculatorUITests" */ = {
			isa = XCConfigurationList;
			buildConfigurations = (
				71574A641D2AD4AE00B82C34 /* Debug */,
				71574A651D2AD4AE00B82C34 /* Release */,
			);
			defaultConfigurationIsVisible = 0;
		};
/* End XCConfigurationList section */
	};
	rootObject = 71574A2D1D2AD4AE00B82C34 /* Project object */;
}
